// !$*UTF8*$!
{
	archiveVersion = 1;
	classes = {
	};
	objectVersion = 55;
	objects = {

/* Begin PBXBuildFile section */
		4824EC4628CE25E60013FC94 /* AppDelegate.swift in Sources */ = {isa = PBXBuildFile; fileRef = 4824EC4528CE25E60013FC94 /* AppDelegate.swift */; };
		4824EC4828CE25E60013FC94 /* SceneDelegate.swift in Sources */ = {isa = PBXBuildFile; fileRef = 4824EC4728CE25E60013FC94 /* SceneDelegate.swift */; };
		4824EC4A28CE25E60013FC94 /* ViewController.swift in Sources */ = {isa = PBXBuildFile; fileRef = 4824EC4928CE25E60013FC94 /* ViewController.swift */; };
		4824EC4D28CE25E60013FC94 /* Main.storyboard in Resources */ = {isa = PBXBuildFile; fileRef = 4824EC4B28CE25E60013FC94 /* Main.storyboard */; };
		4824EC4F28CE25E60013FC94 /* Assets.xcassets in Resources */ = {isa = PBXBuildFile; fileRef = 4824EC4E28CE25E60013FC94 /* Assets.xcassets */; };
		4824EC5228CE25E60013FC94 /* LaunchScreen.storyboard in Resources */ = {isa = PBXBuildFile; fileRef = 4824EC5028CE25E60013FC94 /* LaunchScreen.storyboard */; };
		4824EC5B28CE26020013FC94 /* Harbeth in Frameworks */ = {isa = PBXBuildFile; productRef = 4824EC5A28CE26020013FC94 /* Harbeth */; };
		4824EC6028CE261A0013FC94 /* CoreImage.framework in Frameworks */ = {isa = PBXBuildFile; fileRef = 4824EC5F28CE261A0013FC94 /* CoreImage.framework */; };
		4824EC6328CE26220013FC94 /* Metal.framework in Frameworks */ = {isa = PBXBuildFile; fileRef = 4824EC6128CE26220013FC94 /* Metal.framework */; };
		4824EC6428CE26220013FC94 /* MetalKit.framework in Frameworks */ = {isa = PBXBuildFile; fileRef = 4824EC6228CE26220013FC94 /* MetalKit.framework */; };
		4824EC6628CE26280013FC94 /* CoreVideo.framework in Frameworks */ = {isa = PBXBuildFile; fileRef = 4824EC6528CE26280013FC94 /* CoreVideo.framework */; };
		4824EC6828CE29CF0013FC94 /* DefaultMetal.metal in Sources */ = {isa = PBXBuildFile; fileRef = 4824EC6728CE29CF0013FC94 /* DefaultMetal.metal */; };
		4826A1D72C2B38A500E2277C /* CustomFilterInstruction.swift in Sources */ = {isa = PBXBuildFile; fileRef = 4826A1D62C2B38A500E2277C /* CustomFilterInstruction.swift */; };
		4826A1D92C2B3AE000E2277C /* CustomInstructionProtocol.swift in Sources */ = {isa = PBXBuildFile; fileRef = 4826A1D82C2B3AE000E2277C /* CustomInstructionProtocol.swift */; };
		4874170C2C29D46F000A56E3 /* CustomVideoCompositor.swift in Sources */ = {isa = PBXBuildFile; fileRef = 4874170B2C29D46F000A56E3 /* CustomVideoCompositor.swift */; };
		48C903C92C284FDC00ABFB89 /* Kakapos in Frameworks */ = {isa = PBXBuildFile; productRef = 48C903C82C284FDC00ABFB89 /* Kakapos */; };
		48C903CC2C28533700ABFB89 /* C7Collector.swift in Sources */ = {isa = PBXBuildFile; fileRef = 48C903CB2C28533700ABFB89 /* C7Collector.swift */; };
		48C903CE2C28534800ABFB89 /* C7CollectorVideo.swift in Sources */ = {isa = PBXBuildFile; fileRef = 48C903CD2C28534800ABFB89 /* C7CollectorVideo.swift */; };
/* End PBXBuildFile section */

/* Begin PBXFileReference section */
		4824EC4228CE25E60013FC94 /* Harbeth3.app */ = {isa = PBXFileReference; explicitFileType = wrapper.application; includeInIndex = 0; path = Harbeth3.app; sourceTree = BUILT_PRODUCTS_DIR; };
		4824EC4528CE25E60013FC94 /* AppDelegate.swift */ = {isa = PBXFileReference; lastKnownFileType = sourcecode.swift; path = AppDelegate.swift; sourceTree = "<group>"; };
		4824EC4728CE25E60013FC94 /* SceneDelegate.swift */ = {isa = PBXFileReference; lastKnownFileType = sourcecode.swift; path = SceneDelegate.swift; sourceTree = "<group>"; };
		4824EC4928CE25E60013FC94 /* ViewController.swift */ = {isa = PBXFileReference; lastKnownFileType = sourcecode.swift; path = ViewController.swift; sourceTree = "<group>"; };
		4824EC4C28CE25E60013FC94 /* Base */ = {isa = PBXFileReference; lastKnownFileType = file.storyboard; name = Base; path = Base.lproj/Main.storyboard; sourceTree = "<group>"; };
		4824EC4E28CE25E60013FC94 /* Assets.xcassets */ = {isa = PBXFileReference; lastKnownFileType = folder.assetcatalog; path = Assets.xcassets; sourceTree = "<group>"; };
		4824EC5128CE25E60013FC94 /* Base */ = {isa = PBXFileReference; lastKnownFileType = file.storyboard; name = Base; path = Base.lproj/LaunchScreen.storyboard; sourceTree = "<group>"; };
		4824EC5328CE25E60013FC94 /* Info.plist */ = {isa = PBXFileReference; lastKnownFileType = text.plist.xml; path = Info.plist; sourceTree = "<group>"; };
		4824EC5F28CE261A0013FC94 /* CoreImage.framework */ = {isa = PBXFileReference; lastKnownFileType = wrapper.framework; name = CoreImage.framework; path = System/Library/Frameworks/CoreImage.framework; sourceTree = SDKROOT; };
		4824EC6128CE26220013FC94 /* Metal.framework */ = {isa = PBXFileReference; lastKnownFileType = wrapper.framework; name = Metal.framework; path = System/Library/Frameworks/Metal.framework; sourceTree = SDKROOT; };
		4824EC6228CE26220013FC94 /* MetalKit.framework */ = {isa = PBXFileReference; lastKnownFileType = wrapper.framework; name = MetalKit.framework; path = System/Library/Frameworks/MetalKit.framework; sourceTree = SDKROOT; };
		4824EC6528CE26280013FC94 /* CoreVideo.framework */ = {isa = PBXFileReference; lastKnownFileType = wrapper.framework; name = CoreVideo.framework; path = System/Library/Frameworks/CoreVideo.framework; sourceTree = SDKROOT; };
		4824EC6728CE29CF0013FC94 /* DefaultMetal.metal */ = {isa = PBXFileReference; lastKnownFileType = sourcecode.metal; path = DefaultMetal.metal; sourceTree = "<group>"; };
		4826A1D62C2B38A500E2277C /* CustomFilterInstruction.swift */ = {isa = PBXFileReference; lastKnownFileType = sourcecode.swift; path = CustomFilterInstruction.swift; sourceTree = "<group>"; };
		4826A1D82C2B3AE000E2277C /* CustomInstructionProtocol.swift */ = {isa = PBXFileReference; lastKnownFileType = sourcecode.swift; path = CustomInstructionProtocol.swift; sourceTree = "<group>"; };
		4874170B2C29D46F000A56E3 /* CustomVideoCompositor.swift */ = {isa = PBXFileReference; lastKnownFileType = sourcecode.swift; path = CustomVideoCompositor.swift; sourceTree = "<group>"; };
		48C903CB2C28533700ABFB89 /* C7Collector.swift */ = {isa = PBXFileReference; lastKnownFileType = sourcecode.swift; path = C7Collector.swift; sourceTree = "<group>"; };
		48C903CD2C28534800ABFB89 /* C7CollectorVideo.swift */ = {isa = PBXFileReference; lastKnownFileType = sourcecode.swift; path = C7CollectorVideo.swift; sourceTree = "<group>"; };
/* End PBXFileReference section */

/* Begin PBXFrameworksBuildPhase section */
		4824EC3F28CE25E60013FC94 /* Frameworks */ = {
			isa = PBXFrameworksBuildPhase;
			buildActionMask = 2147483647;
			files = (
				4824EC6628CE26280013FC94 /* CoreVideo.framework in Frameworks */,
				4824EC6328CE26220013FC94 /* Metal.framework in Frameworks */,
				4824EC6428CE26220013FC94 /* MetalKit.framework in Frameworks */,
				48C903C92C284FDC00ABFB89 /* Kakapos in Frameworks */,
				4824EC6028CE261A0013FC94 /* CoreImage.framework in Frameworks */,
				4824EC5B28CE26020013FC94 /* Harbeth in Frameworks */,
			);
			runOnlyForDeploymentPostprocessing = 0;
		};
/* End PBXFrameworksBuildPhase section */

/* Begin PBXGroup section */
		4824EC3928CE25E60013FC94 = {
			isa = PBXGroup;
			children = (
				4824EC4428CE25E60013FC94 /* Harbeth3 */,
				4824EC4328CE25E60013FC94 /* Products */,
				4824EC5E28CE261A0013FC94 /* Frameworks */,
			);
			sourceTree = "<group>";
		};
		4824EC4328CE25E60013FC94 /* Products */ = {
			isa = PBXGroup;
			children = (
				4824EC4228CE25E60013FC94 /* Harbeth3.app */,
			);
			name = Products;
			sourceTree = "<group>";
		};
		4824EC4428CE25E60013FC94 /* Harbeth3 */ = {
			isa = PBXGroup;
			children = (
				48C903CA2C2852DE00ABFB89 /* Collectors */,
				4824EC6728CE29CF0013FC94 /* DefaultMetal.metal */,
				4824EC4528CE25E60013FC94 /* AppDelegate.swift */,
				4824EC4728CE25E60013FC94 /* SceneDelegate.swift */,
				4824EC4928CE25E60013FC94 /* ViewController.swift */,
				4874170B2C29D46F000A56E3 /* CustomVideoCompositor.swift */,
				4826A1D82C2B3AE000E2277C /* CustomInstructionProtocol.swift */,
				4826A1D62C2B38A500E2277C /* CustomFilterInstruction.swift */,
				4824EC4B28CE25E60013FC94 /* Main.storyboard */,
				4824EC4E28CE25E60013FC94 /* Assets.xcassets */,
				4824EC5028CE25E60013FC94 /* LaunchScreen.storyboard */,
				4824EC5328CE25E60013FC94 /* Info.plist */,
			);
			path = Harbeth3;
			sourceTree = "<group>";
		};
		4824EC5E28CE261A0013FC94 /* Frameworks */ = {
			isa = PBXGroup;
			children = (
				4824EC6528CE26280013FC94 /* CoreVideo.framework */,
				4824EC6128CE26220013FC94 /* Metal.framework */,
				4824EC6228CE26220013FC94 /* MetalKit.framework */,
				4824EC5F28CE261A0013FC94 /* CoreImage.framework */,
			);
			name = Frameworks;
			sourceTree = "<group>";
		};
		48C903CA2C2852DE00ABFB89 /* Collectors */ = {
			isa = PBXGroup;
			children = (
				48C903CB2C28533700ABFB89 /* C7Collector.swift */,
				48C903CD2C28534800ABFB89 /* C7CollectorVideo.swift */,
			);
			path = Collectors;
			sourceTree = "<group>";
		};
/* End PBXGroup section */

/* Begin PBXNativeTarget section */
		4824EC4128CE25E60013FC94 /* Harbeth3 */ = {
			isa = PBXNativeTarget;
			buildConfigurationList = 4824EC5628CE25E60013FC94 /* Build configuration list for PBXNativeTarget "Harbeth3" */;
			buildPhases = (
				4824EC3E28CE25E60013FC94 /* Sources */,
				4824EC3F28CE25E60013FC94 /* Frameworks */,
				4824EC4028CE25E60013FC94 /* Resources */,
			);
			buildRules = (
			);
			dependencies = (
				4824EC5D28CE260F0013FC94 /* PBXTargetDependency */,
			);
			name = Harbeth3;
			packageProductDependencies = (
				4824EC5A28CE26020013FC94 /* Harbeth */,
				48C903C82C284FDC00ABFB89 /* Kakapos */,
			);
			productName = Harbeth3;
			productReference = 4824EC4228CE25E60013FC94 /* Harbeth3.app */;
			productType = "com.apple.product-type.application";
		};
/* End PBXNativeTarget section */

/* Begin PBXProject section */
		4824EC3A28CE25E60013FC94 /* Project object */ = {
			isa = PBXProject;
			attributes = {
				BuildIndependentTargetsInParallel = 1;
				LastSwiftUpdateCheck = 1340;
				LastUpgradeCheck = 1340;
				TargetAttributes = {
					4824EC4128CE25E60013FC94 = {
						CreatedOnToolsVersion = 13.4.1;
					};
				};
			};
			buildConfigurationList = 4824EC3D28CE25E60013FC94 /* Build configuration list for PBXProject "Harbeth3" */;
			compatibilityVersion = "Xcode 13.0";
			developmentRegion = en;
			hasScannedForEncodings = 0;
			knownRegions = (
				en,
				Base,
			);
			mainGroup = 4824EC3928CE25E60013FC94;
			packageReferences = (
				4824EC5928CE26020013FC94 /* XCRemoteSwiftPackageReference "Harbeth" */,
				48C903C72C284FDC00ABFB89 /* XCRemoteSwiftPackageReference "Kakapos" */,
			);
			productRefGroup = 4824EC4328CE25E60013FC94 /* Products */;
			projectDirPath = "";
			projectRoot = "";
			targets = (
				4824EC4128CE25E60013FC94 /* Harbeth3 */,
			);
		};
/* End PBXProject section */

/* Begin PBXResourcesBuildPhase section */
		4824EC4028CE25E60013FC94 /* Resources */ = {
			isa = PBXResourcesBuildPhase;
			buildActionMask = 2147483647;
			files = (
				4824EC5228CE25E60013FC94 /* LaunchScreen.storyboard in Resources */,
				4824EC4F28CE25E60013FC94 /* Assets.xcassets in Resources */,
				4824EC4D28CE25E60013FC94 /* Main.storyboard in Resources */,
			);
			runOnlyForDeploymentPostprocessing = 0;
		};
/* End PBXResourcesBuildPhase section */

/* Begin PBXSourcesBuildPhase section */
		4824EC3E28CE25E60013FC94 /* Sources */ = {
			isa = PBXSourcesBuildPhase;
			buildActionMask = 2147483647;
			files = (
				4824EC4A28CE25E60013FC94 /* ViewController.swift in Sources */,
				4824EC4628CE25E60013FC94 /* AppDelegate.swift in Sources */,
				4824EC4828CE25E60013FC94 /* SceneDelegate.swift in Sources */,
				4826A1D72C2B38A500E2277C /* CustomFilterInstruction.swift in Sources */,
				4874170C2C29D46F000A56E3 /* CustomVideoCompositor.swift in Sources */,
				48C903CC2C28533700ABFB89 /* C7Collector.swift in Sources */,
				4824EC6828CE29CF0013FC94 /* DefaultMetal.metal in Sources */,
				4826A1D92C2B3AE000E2277C /* CustomInstructionProtocol.swift in Sources */,
				48C903CE2C28534800ABFB89 /* C7CollectorVideo.swift in Sources */,
			);
			runOnlyForDeploymentPostprocessing = 0;
		};
/* End PBXSourcesBuildPhase section */

/* Begin PBXTargetDependency section */
		4824EC5D28CE260F0013FC94 /* PBXTargetDependency */ = {
			isa = PBXTargetDependency;
			productRef = 4824EC5C28CE260F0013FC94 /* Harbeth */;
		};
/* End PBXTargetDependency section */

/* Begin PBXVariantGroup section */
		4824EC4B28CE25E60013FC94 /* Main.storyboard */ = {
			isa = PBXVariantGroup;
			children = (
				4824EC4C28CE25E60013FC94 /* Base */,
			);
			name = Main.storyboard;
			sourceTree = "<group>";
		};
		4824EC5028CE25E60013FC94 /* LaunchScreen.storyboard */ = {
			isa = PBXVariantGroup;
			children = (
				4824EC5128CE25E60013FC94 /* Base */,
			);
			name = LaunchScreen.storyboard;
			sourceTree = "<group>";
		};
/* End PBXVariantGroup section */

/* Begin XCBuildConfiguration section */
		4824EC5428CE25E60013FC94 /* Debug */ = {
			isa = XCBuildConfiguration;
			buildSettings = {
				ALWAYS_SEARCH_USER_PATHS = NO;
				CLANG_ANALYZER_NONNULL = YES;
				CLANG_ANALYZER_NUMBER_OBJECT_CONVERSION = YES_AGGRESSIVE;
				CLANG_CXX_LANGUAGE_STANDARD = "gnu++17";
				CLANG_ENABLE_MODULES = YES;
				CLANG_ENABLE_OBJC_ARC = YES;
				CLANG_ENABLE_OBJC_WEAK = YES;
				CLANG_WARN_BLOCK_CAPTURE_AUTORELEASING = YES;
				CLANG_WARN_BOOL_CONVERSION = YES;
				CLANG_WARN_COMMA = YES;
				CLANG_WARN_CONSTANT_CONVERSION = YES;
				CLANG_WARN_DEPRECATED_OBJC_IMPLEMENTATIONS = YES;
				CLANG_WARN_DIRECT_OBJC_ISA_USAGE = YES_ERROR;
				CLANG_WARN_DOCUMENTATION_COMMENTS = YES;
				CLANG_WARN_EMPTY_BODY = YES;
				CLANG_WARN_ENUM_CONVERSION = YES;
				CLANG_WARN_INFINITE_RECURSION = YES;
				CLANG_WARN_INT_CONVERSION = YES;
				CLANG_WARN_NON_LITERAL_NULL_CONVERSION = YES;
				CLANG_WARN_OBJC_IMPLICIT_RETAIN_SELF = YES;
				CLANG_WARN_OBJC_LITERAL_CONVERSION = YES;
				CLANG_WARN_OBJC_ROOT_CLASS = YES_ERROR;
				CLANG_WARN_QUOTED_INCLUDE_IN_FRAMEWORK_HEADER = YES;
				CLANG_WARN_RANGE_LOOP_ANALYSIS = YES;
				CLANG_WARN_STRICT_PROTOTYPES = YES;
				CLANG_WARN_SUSPICIOUS_MOVE = YES;
				CLANG_WARN_UNGUARDED_AVAILABILITY = YES_AGGRESSIVE;
				CLANG_WARN_UNREACHABLE_CODE = YES;
				CLANG_WARN__DUPLICATE_METHOD_MATCH = YES;
				COPY_PHASE_STRIP = NO;
				DEBUG_INFORMATION_FORMAT = dwarf;
				ENABLE_STRICT_OBJC_MSGSEND = YES;
				ENABLE_TESTABILITY = YES;
				GCC_C_LANGUAGE_STANDARD = gnu11;
				GCC_DYNAMIC_NO_PIC = NO;
				GCC_NO_COMMON_BLOCKS = YES;
				GCC_OPTIMIZATION_LEVEL = 0;
				GCC_PREPROCESSOR_DEFINITIONS = (
					"DEBUG=1",
					"$(inherited)",
				);
				GCC_WARN_64_TO_32_BIT_CONVERSION = YES;
				GCC_WARN_ABOUT_RETURN_TYPE = YES_ERROR;
				GCC_WARN_UNDECLARED_SELECTOR = YES;
				GCC_WARN_UNINITIALIZED_AUTOS = YES_AGGRESSIVE;
				GCC_WARN_UNUSED_FUNCTION = YES;
				GCC_WARN_UNUSED_VARIABLE = YES;
				IPHONEOS_DEPLOYMENT_TARGET = 15.5;
				MTL_ENABLE_DEBUG_INFO = INCLUDE_SOURCE;
				MTL_FAST_MATH = YES;
				ONLY_ACTIVE_ARCH = YES;
				SDKROOT = iphoneos;
				SWIFT_ACTIVE_COMPILATION_CONDITIONS = DEBUG;
				SWIFT_OPTIMIZATION_LEVEL = "-Onone";
			};
			name = Debug;
		};
		4824EC5528CE25E60013FC94 /* Release */ = {
			isa = XCBuildConfiguration;
			buildSettings = {
				ALWAYS_SEARCH_USER_PATHS = NO;
				CLANG_ANALYZER_NONNULL = YES;
				CLANG_ANALYZER_NUMBER_OBJECT_CONVERSION = YES_AGGRESSIVE;
				CLANG_CXX_LANGUAGE_STANDARD = "gnu++17";
				CLANG_ENABLE_MODULES = YES;
				CLANG_ENABLE_OBJC_ARC = YES;
				CLANG_ENABLE_OBJC_WEAK = YES;
				CLANG_WARN_BLOCK_CAPTURE_AUTORELEASING = YES;
				CLANG_WARN_BOOL_CONVERSION = YES;
				CLANG_WARN_COMMA = YES;
				CLANG_WARN_CONSTANT_CONVERSION = YES;
				CLANG_WARN_DEPRECATED_OBJC_IMPLEMENTATIONS = YES;
				CLANG_WARN_DIRECT_OBJC_ISA_USAGE = YES_ERROR;
				CLANG_WARN_DOCUMENTATION_COMMENTS = YES;
				CLANG_WARN_EMPTY_BODY = YES;
				CLANG_WARN_ENUM_CONVERSION = YES;
				CLANG_WARN_INFINITE_RECURSION = YES;
				CLANG_WARN_INT_CONVERSION = YES;
				CLANG_WARN_NON_LITERAL_NULL_CONVERSION = YES;
				CLANG_WARN_OBJC_IMPLICIT_RETAIN_SELF = YES;
				CLANG_WARN_OBJC_LITERAL_CONVERSION = YES;
				CLANG_WARN_OBJC_ROOT_CLASS = YES_ERROR;
				CLANG_WARN_QUOTED_INCLUDE_IN_FRAMEWORK_HEADER = YES;
				CLANG_WARN_RANGE_LOOP_ANALYSIS = YES;
				CLANG_WARN_STRICT_PROTOTYPES = YES;
				CLANG_WARN_SUSPICIOUS_MOVE = YES;
				CLANG_WARN_UNGUARDED_AVAILABILITY = YES_AGGRESSIVE;
				CLANG_WARN_UNREACHABLE_CODE = YES;
				CLANG_WARN__DUPLICATE_METHOD_MATCH = YES;
				COPY_PHASE_STRIP = NO;
				DEBUG_INFORMATION_FORMAT = "dwarf-with-dsym";
				ENABLE_NS_ASSERTIONS = NO;
				ENABLE_STRICT_OBJC_MSGSEND = YES;
				GCC_C_LANGUAGE_STANDARD = gnu11;
				GCC_NO_COMMON_BLOCKS = YES;
				GCC_WARN_64_TO_32_BIT_CONVERSION = YES;
				GCC_WARN_ABOUT_RETURN_TYPE = YES_ERROR;
				GCC_WARN_UNDECLARED_SELECTOR = YES;
				GCC_WARN_UNINITIALIZED_AUTOS = YES_AGGRESSIVE;
				GCC_WARN_UNUSED_FUNCTION = YES;
				GCC_WARN_UNUSED_VARIABLE = YES;
				IPHONEOS_DEPLOYMENT_TARGET = 15.5;
				MTL_ENABLE_DEBUG_INFO = NO;
				MTL_FAST_MATH = YES;
				SDKROOT = iphoneos;
				SWIFT_COMPILATION_MODE = wholemodule;
				SWIFT_OPTIMIZATION_LEVEL = "-O";
				VALIDATE_PRODUCT = YES;
			};
			name = Release;
		};
		4824EC5728CE25E60013FC94 /* Debug */ = {
			isa = XCBuildConfiguration;
			buildSettings = {
				ALWAYS_SEARCH_USER_PATHS = YES;
				ASSETCATALOG_COMPILER_APPICON_NAME = AppIcon;
				ASSETCATALOG_COMPILER_GLOBAL_ACCENT_COLOR_NAME = AccentColor;
				CODE_SIGN_STYLE = Automatic;
				CURRENT_PROJECT_VERSION = 1;
				DEVELOPMENT_TEAM = 8TXMXXZUQ2;
				GENERATE_INFOPLIST_FILE = YES;
				HEADER_SEARCH_PATHS = "../Harbeth2/Harbeth-master/Sources/Compute/**";
				INFOPLIST_FILE = Harbeth3/Info.plist;
				INFOPLIST_KEY_NSAppleMusicUsageDescription = "Harbeth3 allow media  library to save";
				INFOPLIST_KEY_NSDocumentsFolderUsageDescription = "Harbeth3 allow document library to save";
				INFOPLIST_KEY_NSFileProviderDomainUsageDescription = "Harbeth3 allow media  library to save";
				INFOPLIST_KEY_NSPhotoLibraryAddUsageDescription = "Harbeth3 allow media  library to save";
				INFOPLIST_KEY_NSPhotoLibraryUsageDescription = "We request access to your photos to use them in A&D app";
				INFOPLIST_KEY_UIApplicationSupportsIndirectInputEvents = YES;
				INFOPLIST_KEY_UILaunchStoryboardName = LaunchScreen;
				INFOPLIST_KEY_UIMainStoryboardFile = Main;
				INFOPLIST_KEY_UISupportedInterfaceOrientations_iPad = "UIInterfaceOrientationPortrait UIInterfaceOrientationPortraitUpsideDown UIInterfaceOrientationLandscapeLeft UIInterfaceOrientationLandscapeRight";
				INFOPLIST_KEY_UISupportedInterfaceOrientations_iPhone = "UIInterfaceOrientationPortrait UIInterfaceOrientationLandscapeLeft UIInterfaceOrientationLandscapeRight";
				IPHONEOS_DEPLOYMENT_TARGET = 15.0;
				LD_RUNPATH_SEARCH_PATHS = (
					"$(inherited)",
					"@executable_path/Frameworks",
				);
				LIBRARY_SEARCH_PATHS = "../Harbeth2/Harbeth-master/Sources/Compute/**";
				MARKETING_VERSION = 1.0;
				PRODUCT_BUNDLE_IDENTIFIER = anditeam.andi89;
				PRODUCT_NAME = "$(TARGET_NAME)";
				SWIFT_EMIT_LOC_STRINGS = YES;
				SWIFT_VERSION = 5.0;
				TARGETED_DEVICE_FAMILY = "1,2";
			};
			name = Debug;
		};
		4824EC5828CE25E60013FC94 /* Release */ = {
			isa = XCBuildConfiguration;
			buildSettings = {
				ALWAYS_SEARCH_USER_PATHS = YES;
				ASSETCATALOG_COMPILER_APPICON_NAME = AppIcon;
				ASSETCATALOG_COMPILER_GLOBAL_ACCENT_COLOR_NAME = AccentColor;
				CODE_SIGN_STYLE = Automatic;
				CURRENT_PROJECT_VERSION = 1;
				DEVELOPMENT_TEAM = 8TXMXXZUQ2;
				GENERATE_INFOPLIST_FILE = YES;
				HEADER_SEARCH_PATHS = "../Harbeth2/Harbeth-master/Sources/Compute/**";
				INFOPLIST_FILE = Harbeth3/Info.plist;
				INFOPLIST_KEY_NSAppleMusicUsageDescription = "Harbeth3 allow media  library to save";
				INFOPLIST_KEY_NSDocumentsFolderUsageDescription = "Harbeth3 allow document library to save";
				INFOPLIST_KEY_NSFileProviderDomainUsageDescription = "Harbeth3 allow media  library to save";
				INFOPLIST_KEY_NSPhotoLibraryAddUsageDescription = "Harbeth3 allow media  library to save";
				INFOPLIST_KEY_NSPhotoLibraryUsageDescription = "We request access to your photos to use them in A&D app";
				INFOPLIST_KEY_UIApplicationSupportsIndirectInputEvents = YES;
				INFOPLIST_KEY_UILaunchStoryboardName = LaunchScreen;
				INFOPLIST_KEY_UIMainStoryboardFile = Main;
				INFOPLIST_KEY_UISupportedInterfaceOrientations_iPad = "UIInterfaceOrientationPortrait UIInterfaceOrientationPortraitUpsideDown UIInterfaceOrientationLandscapeLeft UIInterfaceOrientationLandscapeRight";
				INFOPLIST_KEY_UISupportedInterfaceOrientations_iPhone = "UIInterfaceOrientationPortrait UIInterfaceOrientationLandscapeLeft UIInterfaceOrientationLandscapeRight";
				IPHONEOS_DEPLOYMENT_TARGET = 15.0;
				LD_RUNPATH_SEARCH_PATHS = (
					"$(inherited)",
					"@executable_path/Frameworks",
				);
				LIBRARY_SEARCH_PATHS = "../Harbeth2/Harbeth-master/Sources/Compute/**";
				MARKETING_VERSION = 1.0;
				PRODUCT_BUNDLE_IDENTIFIER = anditeam.andi89;
				PRODUCT_NAME = "$(TARGET_NAME)";
				SWIFT_EMIT_LOC_STRINGS = YES;
				SWIFT_VERSION = 5.0;
				TARGETED_DEVICE_FAMILY = "1,2";
			};
			name = Release;
		};
/* End XCBuildConfiguration section */

/* Begin XCConfigurationList section */
		4824EC3D28CE25E60013FC94 /* Build configuration list for PBXProject "Harbeth3" */ = {
			isa = XCConfigurationList;
			buildConfigurations = (
				4824EC5428CE25E60013FC94 /* Debug */,
				4824EC5528CE25E60013FC94 /* Release */,
			);
			defaultConfigurationIsVisible = 0;
			defaultConfigurationName = Release;
		};
		4824EC5628CE25E60013FC94 /* Build configuration list for PBXNativeTarget "Harbeth3" */ = {
			isa = XCConfigurationList;
			buildConfigurations = (
				4824EC5728CE25E60013FC94 /* Debug */,
				4824EC5828CE25E60013FC94 /* Release */,
			);
			defaultConfigurationIsVisible = 0;
			defaultConfigurationName = Release;
		};
/* End XCConfigurationList section */

/* Begin XCRemoteSwiftPackageReference section */
		4824EC5928CE26020013FC94 /* XCRemoteSwiftPackageReference "Harbeth" */ = {
			isa = XCRemoteSwiftPackageReference;
			repositoryURL = "https://github.com/yangKJ/Harbeth";
			requirement = {
				branch = master;
				kind = branch;
			};
		};
		48C903C72C284FDC00ABFB89 /* XCRemoteSwiftPackageReference "Kakapos" */ = {
			isa = XCRemoteSwiftPackageReference;
			repositoryURL = "https://github.com/BRIKSING/Kakapos";
			requirement = {
				branch = testing;
				kind = branch;
			};
		};
/* End XCRemoteSwiftPackageReference section */

/* Begin XCSwiftPackageProductDependency section */
		4824EC5A28CE26020013FC94 /* Harbeth */ = {
			isa = XCSwiftPackageProductDependency;
			package = 4824EC5928CE26020013FC94 /* XCRemoteSwiftPackageReference "Harbeth" */;
			productName = Harbeth;
		};
		4824EC5C28CE260F0013FC94 /* Harbeth */ = {
			isa = XCSwiftPackageProductDependency;
			package = 4824EC5928CE26020013FC94 /* XCRemoteSwiftPackageReference "Harbeth" */;
			productName = Harbeth;
		};
		48C903C82C284FDC00ABFB89 /* Kakapos */ = {
			isa = XCSwiftPackageProductDependency;
			package = 48C903C72C284FDC00ABFB89 /* XCRemoteSwiftPackageReference "Kakapos" */;
			productName = Kakapos;
		};
/* End XCSwiftPackageProductDependency section */
	};
	rootObject = 4824EC3A28CE25E60013FC94 /* Project object */;
}
